{
  "originHash" : "1d8ae35843b285c9f3eed4b236c23f870f5984fa9e5a993cd180ce67d176ada3",
  "pins" : [
    {
      "identity" : "async-network",
      "kind" : "remoteSourceControl",
      "location" : "https://github.com/zhtut/async-network.git",
      "state" : {
        "branch" : "main",
        "revision" : "afe9927a785ceda9c69ae5e48714ec5b4c4297ae"
      }
    },
    {
      "identity" : "combine-websocket",
      "kind" : "remoteSourceControl",
      "location" : "https://github.com/zhtut/combine-websocket.git",
      "state" : {
        "branch" : "main",
        "revision" : "29fba277abd5c32614ad0d34e8e24c8654ad678a"
      }
    },
    {
      "identity" : "common-utils",
      "kind" : "remoteSourceControl",
      "location" : "https://github.com/zhtut/common-utils.git",
      "state" : {
        "branch" : "main",
        "revision" : "a29abb4a01549362481604bd330cf1a936e12e7b"
      }
    },
    {
      "identity" : "default-codable",
      "kind" : "remoteSourceControl",
      "location" : "https://github.com/zhtut/default-codable.git",
      "state" : {
        "branch" : "main",
        "revision" : "22a0bb574f15f9e8b188788749dc73dfc884a9c0"
      }
    },
    {
      "identity" : "logging-kit",
      "kind" : "remoteSourceControl",
      "location" : "https://github.com/zhtut/logging-kit.git",
      "state" : {
        "revision" : "1aca755e48f8b16f4643d38b2ab1c8d736b957ee",
        "version" : "0.1.1"
      }
    },
    {
      "identity" : "nio-locked-value",
      "kind" : "remoteSourceControl",
      "location" : "https://github.com/zhtut/nio-locked-value.git",
      "state" : {
        "branch" : "main",
        "revision" : "24d86730ce86e626d4499a15d5d7737c21fc7c9b"
      }
    },
    {
      "identity" : "swift-asn1",
      "kind" : "remoteSourceControl",
      "location" : "https://github.com/apple/swift-asn1.git",
      "state" : {
        "revision" : "f70225981241859eb4aa1a18a75531d26637c8cc",
        "version" : "1.4.0"
      }
    },
    {
      "identity" : "swift-crypto",
      "kind" : "remoteSourceControl",
      "location" : "https://github.com/apple/swift-crypto.git",
      "state" : {
        "revision" : "95ba0316a9b733e92bb6b071255ff46263bbe7dc",
        "version" : "3.15.1"
      }
    },
    {
      "identity" : "swift-log",
      "kind" : "remoteSourceControl",
      "location" : "https://github.com/apple/swift-log.git",
      "state" : {
        "revision" : "ce592ae52f982c847a4efc0dd881cc9eb32d29f2",
        "version" : "1.6.4"
      }
    }
  ],
  "version" : 3
}
